
Microsoft Visual Studio Solution File, Format Version 12.00
# Visual Studio Version 17
VisualStudioVersion = 17.9.34902.65
MinimumVisualStudioVersion = 10.0.40219.1
Project("{9A19103F-16F7-4668-BE54-9A1E7A4F7556}") = "MVC-project3", "MVC-project3\MVC-project3.csproj", "{52FE4551-928A-48AE-9BD8-C62CB054D18B}"
EndProject
Project("{FAE04EC0-301F-11D3-BF4B-00C04F79EFBC}") = "Data", "Data\Data.csproj", "{680056DD-7919-42F5-A2BC-182D826CBD2B}"
EndProject
Project("{FAE04EC0-301F-11D3-BF4B-00C04F79EFBC}") = "Core", "Core\Core.csproj", "{3E716018-1BF3-4F50-96E2-B46CF9720251}"
EndProject
Project("{FAE04EC0-301F-11D3-BF4B-00C04F79EFBC}") = "Buisness", "Buisness\Buisness.csproj", "{FBC03C6B-E23C-4503-A7F1-D125A5A00934}"
EndProject
Global
	GlobalSection(SolutionConfigurationPlatforms) = preSolution
		Debug|Any CPU = Debug|Any CPU
		Release|Any CPU = Release|Any CPU
	EndGlobalSection
	GlobalSection(ProjectConfigurationPlatforms) = postSolution
		{52FE4551-928A-48AE-9BD8-C62CB054D18B}.Debug|Any CPU.ActiveCfg = Debug|Any CPU
		{52FE4551-928A-48AE-9BD8-C62CB054D18B}.Debug|Any CPU.Build.0 = Debug|Any CPU
		{52FE4551-928A-48AE-9BD8-C62CB054D18B}.Release|Any CPU.ActiveCfg = Release|Any CPU
		{52FE4551-928A-48AE-9BD8-C62CB054D18B}.Release|Any CPU.Build.0 = Release|Any CPU
		{680056DD-7919-42F5-A2BC-182D826CBD2B}.Debug|Any CPU.ActiveCfg = Debug|Any CPU
		{680056DD-7919-42F5-A2BC-182D826CBD2B}.Debug|Any CPU.Build.0 = Debug|Any CPU
		{680056DD-7919-42F5-A2BC-182D826CBD2B}.Release|Any CPU.ActiveCfg = Release|Any CPU
		{680056DD-7919-42F5-A2BC-182D826CBD2B}.Release|Any CPU.Build.0 = Release|Any CPU
		{3E716018-1BF3-4F50-96E2-B46CF9720251}.Debug|Any CPU.ActiveCfg = Debug|Any CPU
		{3E716018-1BF3-4F50-96E2-B46CF9720251}.Debug|Any CPU.Build.0 = Debug|Any CPU
		{3E716018-1BF3-4F50-96E2-B46CF9720251}.Release|Any CPU.ActiveCfg = Release|Any CPU
		{3E716018-1BF3-4F50-96E2-B46CF9720251}.Release|Any CPU.Build.0 = Release|Any CPU
		{FBC03C6B-E23C-4503-A7F1-D125A5A00934}.Debug|Any CPU.ActiveCfg = Debug|Any CPU
		{FBC03C6B-E23C-4503-A7F1-D125A5A00934}.Debug|Any CPU.Build.0 = Debug|Any CPU
		{FBC03C6B-E23C-4503-A7F1-D125A5A00934}.Release|Any CPU.ActiveCfg = Release|Any CPU
		{FBC03C6B-E23C-4503-A7F1-D125A5A00934}.Release|Any CPU.Build.0 = Release|Any CPU
	EndGlobalSection
	GlobalSection(SolutionProperties) = preSolution
		HideSolutionNode = FALSE
	EndGlobalSection
	GlobalSection(ExtensibilityGlobals) = postSolution
		SolutionGuid = {695D92EA-95F6-4001-96B4-14D5AE38A2E2}
	EndGlobalSection
EndGlobal
